
Microsoft Visual Studio Solution File, Format Version 12.00
# Visual Studio 2013
VisualStudioVersion = 12.0.31101.0
MinimumVisualStudioVersion = 10.0.40219.1
Project("{FAE04EC0-301F-11D3-BF4B-00C04F79EFBC}") = "Xbim.Script", "Xbim.Script\Xbim.Script.csproj", "{BAE9A827-0620-4F68-A384-336A491EDD91}"
EndProject
Project("{2150E333-8FDC-42A3-9474-1A3956D46DE8}") = "Solution Items", "Solution Items", "{92A7D5A0-5505-470D-A339-E4317E4008A4}"
	ProjectSection(SolutionItems) = preProject
		Xbim.Scripting.nuspec = Xbim.Scripting.nuspec
	EndProjectSection
EndProject
Global
	GlobalSection(SolutionConfigurationPlatforms) = preSolution
		Debug|Any CPU = Debug|Any CPU
		Release|Any CPU = Release|Any CPU
	EndGlobalSection
	GlobalSection(ProjectConfigurationPlatforms) = postSolution
		{BAE9A827-0620-4F68-A384-336A491EDD91}.Debug|Any CPU.ActiveCfg = Debug|Any CPU
		{BAE9A827-0620-4F68-A384-336A491EDD91}.Debug|Any CPU.Build.0 = Debug|Any CPU
		{BAE9A827-0620-4F68-A384-336A491EDD91}.Release|Any CPU.ActiveCfg = Release|Any CPU
		{BAE9A827-0620-4F68-A384-336A491EDD91}.Release|Any CPU.Build.0 = Release|Any CPU
	EndGlobalSection
	GlobalSection(SolutionProperties) = preSolution
		HideSolutionNode = FALSE
	EndGlobalSection
EndGlobal
